
Microsoft Visual Studio Solution File, Format Version 12.00
# Visual Studio Version 16
VisualStudioVersion = 16.0.33130.400
MinimumVisualStudioVersion = 10.0.40219.1
Project("{FAE04EC0-301F-11D3-BF4B-00C04F79EFBC}") = "WebEmlakciSitesiOdev", "WebEmlakciSitesiOdev\WebEmlakciSitesiOdev.csproj", "{9AF103B4-F03B-48E8-B4A4-C9A7787515B5}"
EndProject
Global
	GlobalSection(SolutionConfigurationPlatforms) = preSolution
		Debug|Any CPU = Debug|Any CPU
		Release|Any CPU = Release|Any CPU
	EndGlobalSection
	GlobalSection(ProjectConfigurationPlatforms) = postSolution
		{9AF103B4-F03B-48E8-B4A4-C9A7787515B5}.Debug|Any CPU.ActiveCfg = Debug|Any CPU
		{9AF103B4-F03B-48E8-B4A4-C9A7787515B5}.Debug|Any CPU.Build.0 = Debug|Any CPU
		{9AF103B4-F03B-48E8-B4A4-C9A7787515B5}.Release|Any CPU.ActiveCfg = Release|Any CPU
		{9AF103B4-F03B-48E8-B4A4-C9A7787515B5}.Release|Any CPU.Build.0 = Release|Any CPU
	EndGlobalSection
	GlobalSection(SolutionProperties) = preSolution
		HideSolutionNode = FALSE
	EndGlobalSection
	GlobalSection(ExtensibilityGlobals) = postSolution
		SolutionGuid = {6021098C-02E0-4A55-87F7-0D4C03D102AE}
	EndGlobalSection
EndGlobal
